
Microsoft Visual Studio Solution File, Format Version 12.00
# Visual Studio 15
VisualStudioVersion = 15.0.28307.489
MinimumVisualStudioVersion = 10.0.40219.1
Project("{FAE04EC0-301F-11D3-BF4B-00C04F79EFBC}") = "Rev3Rs3", "Rev3Rs3\Rev3Rs3.csproj", "{A64A9BDE-8858-422E-840E-D20349D91707}"
EndProject
Project("{FAE04EC0-301F-11D3-BF4B-00C04F79EFBC}") = "Builder", "Builder\Builder.csproj", "{DE1E5543-7A7A-4A91-8216-321E5F2ED323}"
EndProject
Global
	GlobalSection(SolutionConfigurationPlatforms) = preSolution
		Debug|Any CPU = Debug|Any CPU
		Release|Any CPU = Release|Any CPU
	EndGlobalSection
	GlobalSection(ProjectConfigurationPlatforms) = postSolution
		{A64A9BDE-8858-422E-840E-D20349D91707}.Debug|Any CPU.ActiveCfg = Debug|Any CPU
		{A64A9BDE-8858-422E-840E-D20349D91707}.Debug|Any CPU.Build.0 = Debug|Any CPU
		{A64A9BDE-8858-422E-840E-D20349D91707}.Release|Any CPU.ActiveCfg = Release|Any CPU
		{A64A9BDE-8858-422E-840E-D20349D91707}.Release|Any CPU.Build.0 = Release|Any CPU
		{DE1E5543-7A7A-4A91-8216-321E5F2ED323}.Debug|Any CPU.ActiveCfg = Debug|Any CPU
		{DE1E5543-7A7A-4A91-8216-321E5F2ED323}.Debug|Any CPU.Build.0 = Debug|Any CPU
		{DE1E5543-7A7A-4A91-8216-321E5F2ED323}.Release|Any CPU.ActiveCfg = Release|Any CPU
		{DE1E5543-7A7A-4A91-8216-321E5F2ED323}.Release|Any CPU.Build.0 = Release|Any CPU
	EndGlobalSection
	GlobalSection(SolutionProperties) = preSolution
		HideSolutionNode = FALSE
	EndGlobalSection
	GlobalSection(ExtensibilityGlobals) = postSolution
		SolutionGuid = {83F66F7C-EC4D-488B-AB5C-EBFF76EE4BB9}
	EndGlobalSection
EndGlobal
